
Microsoft Visual Studio Solution File, Format Version 12.00
# Visual Studio Version 17
VisualStudioVersion = 17.8.34525.116
MinimumVisualStudioVersion = 10.0.40219.1
Project("{FAE04EC0-301F-11D3-BF4B-00C04F79EFBC}") = "TotkRstbGenerator", "TotkRstbGenerator\TotkRstbGenerator.csproj", "{B82A1A93-73D1-4ED7-82B9-FCB6D5F91783}"
EndProject
Project("{FAE04EC0-301F-11D3-BF4B-00C04F79EFBC}") = "TotkRstbGenerator.Core", "TotkRstbGenerator.Core\TotkRstbGenerator.Core.csproj", "{0822E63D-BFC8-4B6A-BECB-0633CC1FFF91}"
EndProject
Global
	GlobalSection(SolutionConfigurationPlatforms) = preSolution
		Debug|Any CPU = Debug|Any CPU
		Release|Any CPU = Release|Any CPU
	EndGlobalSection
	GlobalSection(ProjectConfigurationPlatforms) = postSolution
		{B82A1A93-73D1-4ED7-82B9-FCB6D5F91783}.Debug|Any CPU.ActiveCfg = Debug|Any CPU
		{B82A1A93-73D1-4ED7-82B9-FCB6D5F91783}.Debug|Any CPU.Build.0 = Debug|Any CPU
		{B82A1A93-73D1-4ED7-82B9-FCB6D5F91783}.Release|Any CPU.ActiveCfg = Release|Any CPU
		{B82A1A93-73D1-4ED7-82B9-FCB6D5F91783}.Release|Any CPU.Build.0 = Release|Any CPU
		{0822E63D-BFC8-4B6A-BECB-0633CC1FFF91}.Debug|Any CPU.ActiveCfg = Debug|Any CPU
		{0822E63D-BFC8-4B6A-BECB-0633CC1FFF91}.Debug|Any CPU.Build.0 = Debug|Any CPU
		{0822E63D-BFC8-4B6A-BECB-0633CC1FFF91}.Release|Any CPU.ActiveCfg = Release|Any CPU
		{0822E63D-BFC8-4B6A-BECB-0633CC1FFF91}.Release|Any CPU.Build.0 = Release|Any CPU
	EndGlobalSection
	GlobalSection(SolutionProperties) = preSolution
		HideSolutionNode = FALSE
	EndGlobalSection
	GlobalSection(ExtensibilityGlobals) = postSolution
		SolutionGuid = {0715EA47-E573-4D24-A57B-08348C4E54A2}
	EndGlobalSection
EndGlobal
